{
  "version": 4,
  "terraform_version": "1.10.3",
  "serial": 38,
  "lineage": "1ee3ffad-fb46-e278-7d04-5bf3863116e3",
  "outputs": {
    "aws_account_info": {
      "value": {
        "account_id": "471112722210",
        "arn": "arn:aws:iam::471112722210:user/cloud_user",
        "user_id": "AIDAW3MEBU4RGJ64WGEMW"
      },
      "type": [
        "object",
        {
          "account_id": "string",
          "arn": "string",
          "user_id": "string"
        }
      ]
    },
    "deployment_instructions": {
      "value": [
        "1. SSH to MCP server: ssh -i ~/.ssh/mcp-demo-key.pem ec2-user@100.26.187.205",
        "2. Upload aws_server.py to /opt/mcp-aws/",
        "3. Start service: sudo systemctl start mcp-aws",
        "4. Check status: sudo systemctl status mcp-aws",
        "5. Test MCP server: curl http://100.26.187.205:8080/health",
        "6. View logs: sudo journalctl -u mcp-aws -f"
      ],
      "type": [
        "tuple",
        [
          "string",
          "string",
          "string",
          "string",
          "string",
          "string"
        ]
      ]
    },
    "ec2_instance_ids": {
      "value": {
        "app_server": "i-07021cf1ebaabc596",
        "mcp_server": "i-0a30e9def0e34344d",
        "web_servers": [
          "i-012ef1fdf01362762",
          "i-03c6ebda89eb75627"
        ]
      },
      "type": [
        "object",
        {
          "app_server": "string",
          "mcp_server": "string",
          "web_servers": [
            "tuple",
            [
              "string",
              "string"
            ]
          ]
        }
      ]
    },
    "ec2_public_ips": {
      "value": {
        "app_server": "54.89.215.50",
        "mcp_server": "100.26.187.205",
        "web_servers": [
          "18.204.230.109",
          "54.81.46.93"
        ]
      },
      "type": [
        "object",
        {
          "app_server": "string",
          "mcp_server": "string",
          "web_servers": [
            "tuple",
            [
              "string",
              "string"
            ]
          ]
        }
      ]
    },
    "lambda_functions": {
      "value": {
        "data_processor": "mcp-demo-mcp-data-processor",
        "demo_function": "mcp-demo-mcp-demo",
        "test_function": "mcp-demo-mcp-test"
      },
      "type": [
        "object",
        {
          "data_processor": "string",
          "demo_function": "string",
          "test_function": "string"
        }
      ]
    },
    "mcp_server_info": {
      "value": {
        "http_url": "http://100.26.187.205:8080",
        "instance_id": "i-0a30e9def0e34344d",
        "private_ip": "10.0.1.173",
        "public_ip": "100.26.187.205",
        "ssh_command": "ssh -i ~/.ssh/mcp-demo-key.pem ec2-user@100.26.187.205",
        "status_check": "curl http://100.26.187.205:8080/health"
      },
      "type": [
        "object",
        {
          "http_url": "string",
          "instance_id": "string",
          "private_ip": "string",
          "public_ip": "string",
          "ssh_command": "string",
          "status_check": "string"
        }
      ]
    },
    "rds_info": {
      "value": {
        "database": "mcpdemo",
        "endpoint": "mcp-demo-mcp-demo-db.cpsccscqgh24.us-east-1.rds.amazonaws.com:3306",
        "port": 3306,
        "username": "admin"
      },
      "type": [
        "object",
        {
          "database": "string",
          "endpoint": "string",
          "port": "number",
          "username": "string"
        }
      ]
    },
    "s3_buckets": {
      "value": {
        "backups_bucket": "mcp-demo-backups-bucket-2880492a",
        "data_bucket": "mcp-demo-data-bucket-2880492a",
        "logs_bucket": "mcp-demo-logs-bucket-2880492a"
      },
      "type": [
        "object",
        {
          "backups_bucket": "string",
          "data_bucket": "string",
          "logs_bucket": "string"
        }
      ]
    },
    "sample_mcp_queries": {
      "value": [
        "List all EC2 instances in us-east-1",
        "Show me all S3 buckets",
        "Get Lambda functions",
        "Start instance i-012ef1fdf01362762",
        "Stop instance i-03c6ebda89eb75627",
        "List objects in bucket mcp-demo-data-bucket-2880492a",
        "Invoke Lambda function mcp-demo-mcp-test",
        "Get CPU metrics for EC2 in the last hour",
        "Show AWS costs for the last 7 days"
      ],
      "type": [
        "tuple",
        [
          "string",
          "string",
          "string",
          "string",
          "string",
          "string",
          "string",
          "string",
          "string"
        ]
      ]
    },
    "security_groups": {
      "value": {
        "db_sg_id": "sg-077758792e9daac21",
        "web_sg_id": "sg-0a63fb8f690848ee3"
      },
      "type": [
        "object",
        {
          "db_sg_id": "string",
          "web_sg_id": "string"
        }
      ]
    },
    "subnet_info": {
      "value": {
        "private_subnets": [
          "subnet-054c795fe8297f701",
          "subnet-00532b5100a4e65d8"
        ],
        "public_subnets": [
          "subnet-0d047cbc0d3c87c20",
          "subnet-02b0b67aa3af996ee"
        ]
      },
      "type": [
        "object",
        {
          "private_subnets": [
            "tuple",
            [
              "string",
              "string"
            ]
          ],
          "public_subnets": [
            "tuple",
            [
              "string",
              "string"
            ]
          ]
        }
      ]
    },
    "vpc_info": {
      "value": {
        "igw_id": "igw-01c251a34d7265a50",
        "vpc_cidr": "10.0.0.0/16",
        "vpc_id": "vpc-0548b447418f5cc54"
      },
      "type": [
        "object",
        {
          "igw_id": "string",
          "vpc_cidr": "string",
          "vpc_id": "string"
        }
      ]
    }
  },
  "resources": [
    {
      "mode": "data",
      "type": "archive_file",
      "name": "lambda_zip",
      "provider": "provider[\"registry.terraform.io/hashicorp/archive\"]",
      "instances": [
        {
          "schema_version": 0,
          "attributes": {
            "exclude_symlink_directories": null,
            "excludes": null,
            "id": "3f7433203e3d07b708ec9c434729c47315e1e1d1",
            "output_base64sha256": "g6YE5WVqiEtm/b91bSksBcXDcbBRSa+jA6M4yDVeRQg=",
            "output_base64sha512": "VsKDoVoKdlW7bQqO3SBCNxFsWPaxvJVTuTgF4VVW7yFB8Vrr8hOKAzdsOtLK5sv0Y6WdDOsYk4TMlguaSDZkPQ==",
            "output_file_mode": null,
            "output_md5": "64d52afeb8516780edd60dc0d4442ee1",
            "output_path": "./lambda_function.zip",
            "output_sha": "3f7433203e3d07b708ec9c434729c47315e1e1d1",
            "output_sha256": "83a604e5656a884b66fdbf756d292c05c5c371b05149afa303a338c8355e4508",
            "output_sha512": "56c283a15a0a7655bb6d0a8edd204237116c58f6b1bc9553b93805e15556ef2141f15aebf2138a03376c3ad2cae6cbf463a59d0ceb189384cc960b9a4836643d",
            "output_size": 500,
            "source": [
              {
                "content": "import json\nimport boto3\nimport os\nfrom datetime import datetime\n\ndef lambda_handler(event, context):\n    \"\"\"Simple Lambda function for MCP testing\"\"\"\n    \n    # Get environment info\n    environment = os.environ.get('ENVIRONMENT', 'unknown')\n    \n    # Create response\n    response = {\n        'statusCode': 200,\n        'body': json.dumps({\n            'message': 'Hello from AWS Lambda!',\n            'environment': environment,\n            'timestamp': datetime.utcnow().isoformat(),\n            'event': event,\n            'function_name': context.function_name if context else 'unknown',\n            'aws_request_id': context.aws_request_id if context else 'unknown'\n        })\n    }\n    \n    return response\n",
                "filename": "lambda_function.py"
              }
            ],
            "source_content": null,
            "source_content_filename": null,
            "source_dir": null,
            "source_file": null,
            "type": "zip"
          },
          "sensitive_attributes": []
        }
      ]
    },
    {
      "mode": "data",
      "type": "aws_ami",
      "name": "amazon_linux",
      "provider": "provider[\"registry.terraform.io/hashicorp/aws\"]",
      "instances": [
        {
          "schema_version": 0,
          "attributes": {
            "architecture": "x86_64",
            "arn": "arn:aws:ec2:us-east-1::image/ami-083e865b97bdf1c1b",
            "block_device_mappings": [
              {
                "device_name": "/dev/xvda",
                "ebs": {
                  "delete_on_termination": "true",
                  "encrypted": "false",
                  "iops": "0",
                  "snapshot_id": "snap-0264b3c150a4a9975",
                  "throughput": "0",
                  "volume_initialization_rate": "0",
                  "volume_size": "8",
                  "volume_type": "gp2"
                },
                "no_device": "",
                "virtual_name": ""
              }
            ],
            "boot_mode": "",
            "creation_date": "2025-07-22T00:30:58.000Z",
            "deprecation_time": "2025-10-20T00:31:00.000Z",
            "description": "Amazon Linux 2 AMI 2.0.20250721.2 x86_64 HVM gp2",
            "ena_support": true,
            "executable_users": null,
            "filter": [
              {
                "name": "name",
                "values": [
                  "amzn2-ami-hvm-*-x86_64-gp2"
                ]
              }
            ],
            "hypervisor": "xen",
            "id": "ami-083e865b97bdf1c1b",
            "image_id": "ami-083e865b97bdf1c1b",
            "image_location": "amazon/amzn2-ami-hvm-2.0.20250721.2-x86_64-gp2",
            "image_owner_alias": "amazon",
            "image_type": "machine",
            "imds_support": "",
            "include_deprecated": false,
            "kernel_id": "",
            "last_launched_time": "",
            "most_recent": true,
            "name": "amzn2-ami-hvm-2.0.20250721.2-x86_64-gp2",
            "name_regex": null,
            "owner_id": "137112412989",
            "owners": [
              "amazon"
            ],
            "platform": "",
            "platform_details": "Linux/UNIX",
            "product_codes": [],
            "public": true,
            "ramdisk_id": "",
            "root_device_name": "/dev/xvda",
            "root_device_type": "ebs",
            "root_snapshot_id": "snap-0264b3c150a4a9975",
            "sriov_net_support": "simple",
            "state": "available",
            "state_reason": {
              "code": "UNSET",
              "message": "UNSET"
            },
            "tags": {},
            "timeouts": null,
            "tpm_support": "",
            "uefi_data": null,
            "usage_operation": "RunInstances",
            "virtualization_type": "hvm"
          },
          "sensitive_attributes": []
        }
      ]
    },
    {
      "mode": "data",
      "type": "aws_availability_zones",
      "name": "available",
      "provider": "provider[\"registry.terraform.io/hashicorp/aws\"]",
      "instances": [
        {
          "schema_version": 0,
          "attributes": {
            "all_availability_zones": null,
            "exclude_names": null,
            "exclude_zone_ids": null,
            "filter": null,
            "group_names": [
              "us-east-1-zg-1"
            ],
            "id": "us-east-1",
            "names": [
              "us-east-1a",
              "us-east-1b",
              "us-east-1c",
              "us-east-1d",
              "us-east-1e",
              "us-east-1f"
            ],
            "state": "available",
            "timeouts": null,
            "zone_ids": [
              "use1-az2",
              "use1-az4",
              "use1-az6",
              "use1-az1",
              "use1-az3",
              "use1-az5"
            ]
          },
          "sensitive_attributes": []
        }
      ]
    },
    {
      "mode": "data",
      "type": "aws_caller_identity",
      "name": "current",
      "provider": "provider[\"registry.terraform.io/hashicorp/aws\"]",
      "instances": [
        {
          "schema_version": 0,
          "attributes": {
            "account_id": "471112722210",
            "arn": "arn:aws:iam::471112722210:user/cloud_user",
            "id": "471112722210",
            "user_id": "AIDAW3MEBU4RGJ64WGEMW"
          },
          "sensitive_attributes": []
        }
      ]
    },
    {
      "mode": "managed",
      "type": "aws_cloudwatch_dashboard",
      "name": "mcp_demo_dashboard",
      "provider": "provider[\"registry.terraform.io/hashicorp/aws\"]",
      "instances": [
        {
          "schema_version": 0,
          "attributes": {
            "dashboard_arn": "arn:aws:cloudwatch::471112722210:dashboard/mcp-demo-mcp-dashboard",
            "dashboard_body": "{\"widgets\":[{\"height\":6,\"properties\":{\"metrics\":[[\"AWS/EC2\",\"CPUUtilization\",\"InstanceId\",\"i-0a30e9def0e34344d\"],[\"AWS/EC2\",\"NetworkIn\",\"InstanceId\",\"i-0a30e9def0e34344d\"],[\"AWS/EC2\",\"NetworkOut\",\"InstanceId\",\"i-0a30e9def0e34344d\"]],\"period\":300,\"region\":\"us-east-1\",\"stacked\":false,\"title\":\"MCP Server Performance\",\"view\":\"timeSeries\"},\"type\":\"metric\",\"width\":12,\"x\":0,\"y\":0},{\"height\":6,\"properties\":{\"metrics\":[[\"AWS/Lambda\",\"Invocations\",\"FunctionName\",\"mcp-demo-mcp-demo\"],[\"AWS/Lambda\",\"Duration\",\"FunctionName\",\"mcp-demo-mcp-demo\"],[\"AWS/Lambda\",\"Errors\",\"FunctionName\",\"mcp-demo-mcp-demo\"]],\"period\":300,\"region\":\"us-east-1\",\"stacked\":false,\"title\":\"Lambda Function Metrics\",\"view\":\"timeSeries\"},\"type\":\"metric\",\"width\":12,\"x\":0,\"y\":6}]}",
            "dashboard_name": "mcp-demo-mcp-dashboard",
            "id": "mcp-demo-mcp-dashboard"
          },
          "sensitive_attributes": [],
          "private": "bnVsbA==",
          "dependencies": [
            "aws_iam_instance_profile.mcp_server_profile",
            "aws_iam_role.lambda_execution_role",
            "aws_iam_role.mcp_server_role",
            "aws_instance.mcp_server",
            "aws_key_pair.mcp_demo_key",
            "aws_lambda_function.mcp_demo_function",
            "aws_security_group.mcp_demo_web_sg",
            "aws_subnet.mcp_demo_public_subnet",
            "aws_vpc.mcp_demo_vpc",
            "data.archive_file.lambda_zip",
            "data.aws_ami.amazon_linux",
            "data.aws_availability_zones.available"
          ]
        }
      ]
    },
    {
      "mode": "managed",
      "type": "aws_db_instance",
      "name": "mcp_demo_db",
      "provider": "provider[\"registry.terraform.io/hashicorp/aws\"]",
      "instances": [
        {
          "schema_version": 2,
          "attributes": {
            "address": "mcp-demo-mcp-demo-db.cpsccscqgh24.us-east-1.rds.amazonaws.com",
            "allocated_storage": 20,
            "allow_major_version_upgrade": null,
            "apply_immediately": false,
            "arn": "arn:aws:rds:us-east-1:471112722210:db:mcp-demo-mcp-demo-db",
            "auto_minor_version_upgrade": true,
            "availability_zone": "us-east-1b",
            "backup_retention_period": 1,
            "backup_target": "region",
            "backup_window": "03:00-04:00",
            "blue_green_update": [],
            "ca_cert_identifier": "rds-ca-rsa2048-g1",
            "character_set_name": "",
            "copy_tags_to_snapshot": false,
            "custom_iam_instance_profile": "",
            "customer_owned_ip_enabled": false,
            "database_insights_mode": "standard",
            "db_name": "mcpdemo",
            "db_subnet_group_name": "mcp-demo-mcp-demo-db-subnet-group",
            "dedicated_log_volume": false,
            "delete_automated_backups": true,
            "deletion_protection": false,
            "domain": "",
            "domain_auth_secret_arn": "",
            "domain_dns_ips": null,
            "domain_fqdn": "",
            "domain_iam_role_name": "",
            "domain_ou": "",
            "enabled_cloudwatch_logs_exports": null,
            "endpoint": "mcp-demo-mcp-demo-db.cpsccscqgh24.us-east-1.rds.amazonaws.com:3306",
            "engine": "mysql",
            "engine_lifecycle_support": "open-source-rds-extended-support",
            "engine_version": "8.0",
            "engine_version_actual": "8.0.41",
            "final_snapshot_identifier": null,
            "hosted_zone_id": "Z2R2ITUGPM61AM",
            "iam_database_authentication_enabled": false,
            "id": "db-XAVPMNEZKJRWASUBA7TR35AN6I",
            "identifier": "mcp-demo-mcp-demo-db",
            "identifier_prefix": "",
            "instance_class": "db.t3.micro",
            "iops": 0,
            "kms_key_id": "arn:aws:kms:us-east-1:471112722210:key/275b4ca7-f148-4e82-8093-7548f2868a07",
            "latest_restorable_time": "2025-07-27T09:45:43Z",
            "license_model": "general-public-license",
            "listener_endpoint": [],
            "maintenance_window": "sun:04:00-sun:05:00",
            "manage_master_user_password": null,
            "master_user_secret": [],
            "master_user_secret_kms_key_id": null,
            "max_allocated_storage": 0,
            "monitoring_interval": 0,
            "monitoring_role_arn": "",
            "multi_az": false,
            "nchar_character_set_name": "",
            "network_type": "IPV4",
            "option_group_name": "default:mysql-8-0",
            "parameter_group_name": "default.mysql8.0",
            "password": "FI\u003eMy$qK6_T4dqC!",
            "password_wo": null,
            "password_wo_version": null,
            "performance_insights_enabled": false,
            "performance_insights_kms_key_id": "",
            "performance_insights_retention_period": 0,
            "port": 3306,
            "publicly_accessible": false,
            "replica_mode": "",
            "replicas": [],
            "replicate_source_db": "",
            "resource_id": "db-XAVPMNEZKJRWASUBA7TR35AN6I",
            "restore_to_point_in_time": [],
            "s3_import": [],
            "skip_final_snapshot": true,
            "snapshot_identifier": null,
            "status": "available",
            "storage_encrypted": true,
            "storage_throughput": 0,
            "storage_type": "gp2",
            "tags": {
              "Environment": "mcp-demo",
              "Name": "mcp-demo-mcp-demo-db",
              "Purpose": "MCP Demo Database"
            },
            "tags_all": {
              "Environment": "mcp-demo",
              "ManagedBy": "Terraform",
              "Name": "mcp-demo-mcp-demo-db",
              "Project": "MCP-AWS-Demo",
              "Purpose": "MCP Demo Database"
            },
            "timeouts": null,
            "timezone": "",
            "upgrade_storage_config": null,
            "username": "admin",
            "vpc_security_group_ids": [
              "sg-077758792e9daac21"
            ]
          },
          "sensitive_attributes": [
            [
              {
                "type": "get_attr",
                "value": "password_wo"
              }
            ],
            [
              {
                "type": "get_attr",
                "value": "password"
              }
            ]
          ],
          "private": "eyJlMmJmYjczMC1lY2FhLTExZTYtOGY4OC0zNDM2M2JjN2M0YzAiOnsiY3JlYXRlIjozMDAwMDAwMDAwMDAwLCJkZWxldGUiOjM2MDAwMDAwMDAwMDAsInVwZGF0ZSI6NDgwMDAwMDAwMDAwMH0sInNjaGVtYV92ZXJzaW9uIjoiMiJ9",
          "dependencies": [
            "aws_db_subnet_group.mcp_demo_db_subnet_group",
            "aws_security_group.mcp_demo_db_sg",
            "aws_security_group.mcp_demo_web_sg",
            "aws_subnet.mcp_demo_private_subnet",
            "aws_vpc.mcp_demo_vpc",
            "data.aws_availability_zones.available",
            "random_password.db_password"
          ]
        }
      ]
    },
    {
      "mode": "managed",
      "type": "aws_db_subnet_group",
      "name": "mcp_demo_db_subnet_group",
      "provider": "provider[\"registry.terraform.io/hashicorp/aws\"]",
      "instances": [
        {
          "schema_version": 0,
          "attributes": {
            "arn": "arn:aws:rds:us-east-1:471112722210:subgrp:mcp-demo-mcp-demo-db-subnet-group",
            "description": "Managed by Terraform",
            "id": "mcp-demo-mcp-demo-db-subnet-group",
            "name": "mcp-demo-mcp-demo-db-subnet-group",
            "name_prefix": "",
            "subnet_ids": [
              "subnet-00532b5100a4e65d8",
              "subnet-054c795fe8297f701"
            ],
            "supported_network_types": [
              "IPV4"
            ],
            "tags": {
              "Environment": "mcp-demo",
              "Name": "mcp-demo-mcp-demo-db-subnet-group"
            },
            "tags_all": {
              "Environment": "mcp-demo",
              "ManagedBy": "Terraform",
              "Name": "mcp-demo-mcp-demo-db-subnet-group",
              "Project": "MCP-AWS-Demo"
            },
            "vpc_id": "vpc-0548b447418f5cc54"
          },
          "sensitive_attributes": [],
          "private": "bnVsbA==",
          "dependencies": [
            "aws_subnet.mcp_demo_private_subnet",
            "aws_vpc.mcp_demo_vpc",
            "data.aws_availability_zones.available"
          ]
        }
      ]
    },
    {
      "mode": "managed",
      "type": "aws_iam_instance_profile",
      "name": "mcp_server_profile",
      "provider": "provider[\"registry.terraform.io/hashicorp/aws\"]",
      "instances": [
        {
          "schema_version": 0,
          "attributes": {
            "arn": "arn:aws:iam::471112722210:instance-profile/mcp-demo-mcp-server-profile",
            "create_date": "2025-07-27T09:41:33Z",
            "id": "mcp-demo-mcp-server-profile",
            "name": "mcp-demo-mcp-server-profile",
            "name_prefix": "",
            "path": "/",
            "role": "mcp-demo-mcp-server-role",
            "tags": {
              "Environment": "mcp-demo"
            },
            "tags_all": {
              "Environment": "mcp-demo",
              "ManagedBy": "Terraform",
              "Project": "MCP-AWS-Demo"
            },
            "unique_id": "AIPAW3MEBU4RACLGQMFM2"
          },
          "sensitive_attributes": [],
          "private": "bnVsbA==",
          "dependencies": [
            "aws_iam_role.mcp_server_role"
          ]
        }
      ]
    },
    {
      "mode": "managed",
      "type": "aws_iam_role",
      "name": "lambda_execution_role",
      "provider": "provider[\"registry.terraform.io/hashicorp/aws\"]",
      "instances": [
        {
          "schema_version": 0,
          "attributes": {
            "arn": "arn:aws:iam::471112722210:role/mcp-demo-lambda-execution-role",
            "assume_role_policy": "{\"Statement\":[{\"Action\":\"sts:AssumeRole\",\"Effect\":\"Allow\",\"Principal\":{\"Service\":\"lambda.amazonaws.com\"}}],\"Version\":\"2012-10-17\"}",
            "create_date": "2025-07-27T09:41:32Z",
            "description": "",
            "force_detach_policies": false,
            "id": "mcp-demo-lambda-execution-role",
            "inline_policy": [],
            "managed_policy_arns": [],
            "max_session_duration": 3600,
            "name": "mcp-demo-lambda-execution-role",
            "name_prefix": "",
            "path": "/",
            "permissions_boundary": "",
            "tags": {
              "Environment": "mcp-demo"
            },
            "tags_all": {
              "Environment": "mcp-demo",
              "ManagedBy": "Terraform",
              "Project": "MCP-AWS-Demo"
            },
            "unique_id": "AROAW3MEBU4RKG7IRZDM7"
          },
          "sensitive_attributes": [],
          "private": "bnVsbA=="
        }
      ]
    },
    {
      "mode": "managed",
      "type": "aws_iam_role",
      "name": "mcp_server_role",
      "provider": "provider[\"registry.terraform.io/hashicorp/aws\"]",
      "instances": [
        {
          "schema_version": 0,
          "attributes": {
            "arn": "arn:aws:iam::471112722210:role/mcp-demo-mcp-server-role",
            "assume_role_policy": "{\"Statement\":[{\"Action\":\"sts:AssumeRole\",\"Effect\":\"Allow\",\"Principal\":{\"Service\":\"ec2.amazonaws.com\"}}],\"Version\":\"2012-10-17\"}",
            "create_date": "2025-07-27T09:41:32Z",
            "description": "",
            "force_detach_policies": false,
            "id": "mcp-demo-mcp-server-role",
            "inline_policy": [],
            "managed_policy_arns": [],
            "max_session_duration": 3600,
            "name": "mcp-demo-mcp-server-role",
            "name_prefix": "",
            "path": "/",
            "permissions_boundary": "",
            "tags": {
              "Environment": "mcp-demo",
              "Name": "mcp-demo-mcp-server-role"
            },
            "tags_all": {
              "Environment": "mcp-demo",
              "ManagedBy": "Terraform",
              "Name": "mcp-demo-mcp-server-role",
              "Project": "MCP-AWS-Demo"
            },
            "unique_id": "AROAW3MEBU4RAB4PAEMVQ"
          },
          "sensitive_attributes": [],
          "private": "bnVsbA=="
        }
      ]
    },
    {
      "mode": "managed",
      "type": "aws_iam_role_policy",
      "name": "lambda_comprehensive_policy",
      "provider": "provider[\"registry.terraform.io/hashicorp/aws\"]",
      "instances": [
        {
          "schema_version": 0,
          "attributes": {
            "id": "mcp-demo-lambda-execution-role:mcp-demo-lambda-comprehensive-policy",
            "name": "mcp-demo-lambda-comprehensive-policy",
            "name_prefix": "",
            "policy": "{\"Version\":\"2012-10-17\",\"Statement\":[{\"Action\":[\"s3:GetObject\",\"s3:PutObject\",\"s3:DeleteObject\",\"s3:ListBucket\",\"s3:ListAllMyBuckets\"],\"Effect\":\"Allow\",\"Resource\":[\"arn:aws:s3:::*\",\"arn:aws:s3:::*/*\"]},{\"Action\":[\"rds:DescribeDBInstances\",\"rds:DescribeDBClusters\",\"rds:DescribeDBSnapshots\",\"rds:ListTagsForResource\"],\"Effect\":\"Allow\",\"Resource\":\"*\"},{\"Action\":[\"cloudwatch:GetMetricStatistics\",\"cloudwatch:ListMetrics\",\"cloudwatch:DescribeAlarms\"],\"Effect\":\"Allow\",\"Resource\":\"*\"},{\"Action\":[\"ce:GetCostAndUsage\",\"ce:GetUsageReport\",\"ce:GetDimensionValues\"],\"Effect\":\"Allow\",\"Resource\":\"*\"}]}",
            "role": "mcp-demo-lambda-execution-role"
          },
          "sensitive_attributes": [],
          "private": "bnVsbA==",
          "dependencies": [
            "aws_iam_role.lambda_execution_role"
          ]
        }
      ]
    },
    {
      "mode": "managed",
      "type": "aws_iam_role_policy",
      "name": "mcp_server_policy",
      "provider": "provider[\"registry.terraform.io/hashicorp/aws\"]",
      "instances": [
        {
          "schema_version": 0,
          "attributes": {
            "id": "mcp-demo-mcp-server-role:mcp-demo-mcp-server-policy",
            "name": "mcp-demo-mcp-server-policy",
            "name_prefix": "",
            "policy": "{\"Version\":\"2012-10-17\",\"Statement\":[{\"Action\":[\"ec2:DescribeInstances\",\"ec2:DescribeInstanceStatus\",\"ec2:StartInstances\",\"ec2:StopInstances\",\"ec2:RebootInstances\",\"ec2:DescribeRegions\",\"ec2:DescribeAvailabilityZones\",\"ec2:DescribeTags\"],\"Effect\":\"Allow\",\"Resource\":\"*\"},{\"Action\":[\"s3:ListAllMyBuckets\",\"s3:ListBucket\",\"s3:GetBucketLocation\",\"s3:GetObject\",\"s3:PutObject\",\"s3:DeleteObject\",\"s3:GetBucketAcl\",\"s3:GetBucketPolicy\"],\"Effect\":\"Allow\",\"Resource\":[\"arn:aws:s3:::*\",\"arn:aws:s3:::*/*\"]},{\"Action\":[\"lambda:ListFunctions\",\"lambda:GetFunction\",\"lambda:InvokeFunction\",\"lambda:GetFunctionConfiguration\",\"lambda:ListTags\"],\"Effect\":\"Allow\",\"Resource\":\"*\"},{\"Action\":[\"rds:DescribeDBInstances\",\"rds:DescribeDBClusters\",\"rds:DescribeDBSnapshots\",\"rds:ListTagsForResource\",\"rds:StartDBInstance\",\"rds:StopDBInstance\"],\"Effect\":\"Allow\",\"Resource\":\"*\"},{\"Action\":[\"cloudwatch:GetMetricStatistics\",\"cloudwatch:ListMetrics\",\"cloudwatch:DescribeAlarms\",\"logs:DescribeLogGroups\",\"logs:DescribeLogStreams\",\"logs:GetLogEvents\"],\"Effect\":\"Allow\",\"Resource\":\"*\"},{\"Action\":[\"ce:GetCostAndUsage\",\"ce:GetUsageReport\",\"ce:GetDimensionValues\",\"ce:GetReservationCoverage\",\"ce:GetReservationPurchaseRecommendation\",\"ce:GetReservationUtilization\"],\"Effect\":\"Allow\",\"Resource\":\"*\"},{\"Action\":[\"sts:GetCallerIdentity\"],\"Effect\":\"Allow\",\"Resource\":\"*\"}]}",
            "role": "mcp-demo-mcp-server-role"
          },
          "sensitive_attributes": [],
          "private": "bnVsbA==",
          "dependencies": [
            "aws_iam_role.mcp_server_role"
          ]
        }
      ]
    },
    {
      "mode": "managed",
      "type": "aws_iam_role_policy_attachment",
      "name": "lambda_basic_execution",
      "provider": "provider[\"registry.terraform.io/hashicorp/aws\"]",
      "instances": [
        {
          "schema_version": 0,
          "attributes": {
            "id": "mcp-demo-lambda-execution-role-20250727094134597600000001",
            "policy_arn": "arn:aws:iam::aws:policy/service-role/AWSLambdaBasicExecutionRole",
            "role": "mcp-demo-lambda-execution-role"
          },
          "sensitive_attributes": [],
          "private": "bnVsbA==",
          "dependencies": [
            "aws_iam_role.lambda_execution_role"
          ]
        }
      ]
    },
    {
      "mode": "managed",
      "type": "aws_instance",
      "name": "mcp_demo_app",
      "provider": "provider[\"registry.terraform.io/hashicorp/aws\"]",
      "instances": [
        {
          "schema_version": 1,
          "attributes": {
            "ami": "ami-083e865b97bdf1c1b",
            "arn": "arn:aws:ec2:us-east-1:471112722210:instance/i-07021cf1ebaabc596",
            "associate_public_ip_address": true,
            "availability_zone": "us-east-1a",
            "capacity_reservation_specification": [
              {
                "capacity_reservation_preference": "open",
                "capacity_reservation_target": []
              }
            ],
            "cpu_core_count": 1,
            "cpu_options": [
              {
                "amd_sev_snp": "",
                "core_count": 1,
                "threads_per_core": 2
              }
            ],
            "cpu_threads_per_core": 2,
            "credit_specification": [
              {
                "cpu_credits": "unlimited"
              }
            ],
            "disable_api_stop": false,
            "disable_api_termination": false,
            "ebs_block_device": [],
            "ebs_optimized": false,
            "enable_primary_ipv6": null,
            "enclave_options": [
              {
                "enabled": false
              }
            ],
            "ephemeral_block_device": [],
            "get_password_data": false,
            "hibernation": false,
            "host_id": "",
            "host_resource_group_arn": null,
            "iam_instance_profile": "",
            "id": "i-07021cf1ebaabc596",
            "instance_initiated_shutdown_behavior": "stop",
            "instance_lifecycle": "",
            "instance_market_options": [],
            "instance_state": "running",
            "instance_type": "t3.small",
            "ipv6_address_count": 0,
            "ipv6_addresses": [],
            "key_name": "mcp-demo-key",
            "launch_template": [],
            "maintenance_options": [
              {
                "auto_recovery": "default"
              }
            ],
            "metadata_options": [
              {
                "http_endpoint": "enabled",
                "http_protocol_ipv6": "disabled",
                "http_put_response_hop_limit": 1,
                "http_tokens": "optional",
                "instance_metadata_tags": "disabled"
              }
            ],
            "monitoring": false,
            "network_interface": [],
            "outpost_arn": "",
            "password_data": "",
            "placement_group": "",
            "placement_partition_number": 0,
            "primary_network_interface_id": "eni-0d5d3cebd25092a6a",
            "private_dns": "ip-10-0-1-18.ec2.internal",
            "private_dns_name_options": [
              {
                "enable_resource_name_dns_a_record": false,
                "enable_resource_name_dns_aaaa_record": false,
                "hostname_type": "ip-name"
              }
            ],
            "private_ip": "10.0.1.18",
            "public_dns": "ec2-54-89-215-50.compute-1.amazonaws.com",
            "public_ip": "54.89.215.50",
            "root_block_device": [
              {
                "delete_on_termination": true,
                "device_name": "/dev/xvda",
                "encrypted": false,
                "iops": 100,
                "kms_key_id": "",
                "tags": {
                  "Environment": "mcp-demo",
                  "ManagedBy": "Terraform",
                  "Project": "MCP-AWS-Demo"
                },
                "tags_all": {
                  "Environment": "mcp-demo",
                  "ManagedBy": "Terraform",
                  "Project": "MCP-AWS-Demo"
                },
                "throughput": 0,
                "volume_id": "vol-0480a14e45fd3929e",
                "volume_size": 8,
                "volume_type": "gp2"
              }
            ],
            "secondary_private_ips": [],
            "security_groups": [],
            "source_dest_check": true,
            "spot_instance_request_id": "",
            "subnet_id": "subnet-0d047cbc0d3c87c20",
            "tags": {
              "Environment": "mcp-demo",
              "Name": "mcp-demo-app-server",
              "Role": "ApplicationServer"
            },
            "tags_all": {
              "Environment": "mcp-demo",
              "ManagedBy": "Terraform",
              "Name": "mcp-demo-app-server",
              "Project": "MCP-AWS-Demo",
              "Role": "ApplicationServer"
            },
            "tenancy": "default",
            "timeouts": null,
            "user_data": "a65cce76c0b7956152712eb324c57cb695e026e0",
            "user_data_base64": null,
            "user_data_replace_on_change": false,
            "volume_tags": null,
            "vpc_security_group_ids": [
              "sg-0a63fb8f690848ee3"
            ]
          },
          "sensitive_attributes": [],
          "private": "eyJlMmJmYjczMC1lY2FhLTExZTYtOGY4OC0zNDM2M2JjN2M0YzAiOnsiY3JlYXRlIjo2MDAwMDAwMDAwMDAsImRlbGV0ZSI6MTIwMDAwMDAwMDAwMCwicmVhZCI6OTAwMDAwMDAwMDAwLCJ1cGRhdGUiOjYwMDAwMDAwMDAwMH0sInNjaGVtYV92ZXJzaW9uIjoiMSJ9",
          "dependencies": [
            "aws_key_pair.mcp_demo_key",
            "aws_security_group.mcp_demo_web_sg",
            "aws_subnet.mcp_demo_public_subnet",
            "aws_vpc.mcp_demo_vpc",
            "data.aws_ami.amazon_linux",
            "data.aws_availability_zones.available"
          ]
        }
      ]
    },
    {
      "mode": "managed",
      "type": "aws_instance",
      "name": "mcp_demo_web",
      "provider": "provider[\"registry.terraform.io/hashicorp/aws\"]",
      "instances": [
        {
          "index_key": 0,
          "schema_version": 1,
          "attributes": {
            "ami": "ami-083e865b97bdf1c1b",
            "arn": "arn:aws:ec2:us-east-1:471112722210:instance/i-012ef1fdf01362762",
            "associate_public_ip_address": true,
            "availability_zone": "us-east-1a",
            "capacity_reservation_specification": [
              {
                "capacity_reservation_preference": "open",
                "capacity_reservation_target": []
              }
            ],
            "cpu_core_count": 1,
            "cpu_options": [
              {
                "amd_sev_snp": "",
                "core_count": 1,
                "threads_per_core": 2
              }
            ],
            "cpu_threads_per_core": 2,
            "credit_specification": [
              {
                "cpu_credits": "unlimited"
              }
            ],
            "disable_api_stop": false,
            "disable_api_termination": false,
            "ebs_block_device": [],
            "ebs_optimized": false,
            "enable_primary_ipv6": null,
            "enclave_options": [
              {
                "enabled": false
              }
            ],
            "ephemeral_block_device": [],
            "get_password_data": false,
            "hibernation": false,
            "host_id": "",
            "host_resource_group_arn": null,
            "iam_instance_profile": "",
            "id": "i-012ef1fdf01362762",
            "instance_initiated_shutdown_behavior": "stop",
            "instance_lifecycle": "",
            "instance_market_options": [],
            "instance_state": "running",
            "instance_type": "t3.micro",
            "ipv6_address_count": 0,
            "ipv6_addresses": [],
            "key_name": "mcp-demo-key",
            "launch_template": [],
            "maintenance_options": [
              {
                "auto_recovery": "default"
              }
            ],
            "metadata_options": [
              {
                "http_endpoint": "enabled",
                "http_protocol_ipv6": "disabled",
                "http_put_response_hop_limit": 1,
                "http_tokens": "optional",
                "instance_metadata_tags": "disabled"
              }
            ],
            "monitoring": false,
            "network_interface": [],
            "outpost_arn": "",
            "password_data": "",
            "placement_group": "",
            "placement_partition_number": 0,
            "primary_network_interface_id": "eni-0a3d1e3c94393c8d1",
            "private_dns": "ip-10-0-1-30.ec2.internal",
            "private_dns_name_options": [
              {
                "enable_resource_name_dns_a_record": false,
                "enable_resource_name_dns_aaaa_record": false,
                "hostname_type": "ip-name"
              }
            ],
            "private_ip": "10.0.1.30",
            "public_dns": "ec2-18-204-230-109.compute-1.amazonaws.com",
            "public_ip": "18.204.230.109",
            "root_block_device": [
              {
                "delete_on_termination": true,
                "device_name": "/dev/xvda",
                "encrypted": false,
                "iops": 100,
                "kms_key_id": "",
                "tags": {
                  "Environment": "mcp-demo",
                  "ManagedBy": "Terraform",
                  "Project": "MCP-AWS-Demo"
                },
                "tags_all": {
                  "Environment": "mcp-demo",
                  "ManagedBy": "Terraform",
                  "Project": "MCP-AWS-Demo"
                },
                "throughput": 0,
                "volume_id": "vol-092985472dd6a878a",
                "volume_size": 8,
                "volume_type": "gp2"
              }
            ],
            "secondary_private_ips": [],
            "security_groups": [],
            "source_dest_check": true,
            "spot_instance_request_id": "",
            "subnet_id": "subnet-0d047cbc0d3c87c20",
            "tags": {
              "Environment": "mcp-demo",
              "Name": "mcp-demo-web-server-1",
              "Role": "WebServer"
            },
            "tags_all": {
              "Environment": "mcp-demo",
              "ManagedBy": "Terraform",
              "Name": "mcp-demo-web-server-1",
              "Project": "MCP-AWS-Demo",
              "Role": "WebServer"
            },
            "tenancy": "default",
            "timeouts": null,
            "user_data": "cd9802933a0690c4625d1c3133edace298c2620d",
            "user_data_base64": null,
            "user_data_replace_on_change": false,
            "volume_tags": null,
            "vpc_security_group_ids": [
              "sg-0a63fb8f690848ee3"
            ]
          },
          "sensitive_attributes": [],
          "private": "eyJlMmJmYjczMC1lY2FhLTExZTYtOGY4OC0zNDM2M2JjN2M0YzAiOnsiY3JlYXRlIjo2MDAwMDAwMDAwMDAsImRlbGV0ZSI6MTIwMDAwMDAwMDAwMCwicmVhZCI6OTAwMDAwMDAwMDAwLCJ1cGRhdGUiOjYwMDAwMDAwMDAwMH0sInNjaGVtYV92ZXJzaW9uIjoiMSJ9",
          "dependencies": [
            "aws_key_pair.mcp_demo_key",
            "aws_security_group.mcp_demo_web_sg",
            "aws_subnet.mcp_demo_public_subnet",
            "aws_vpc.mcp_demo_vpc",
            "data.aws_ami.amazon_linux",
            "data.aws_availability_zones.available"
          ]
        },
        {
          "index_key": 1,
          "schema_version": 1,
          "attributes": {
            "ami": "ami-083e865b97bdf1c1b",
            "arn": "arn:aws:ec2:us-east-1:471112722210:instance/i-03c6ebda89eb75627",
            "associate_public_ip_address": true,
            "availability_zone": "us-east-1b",
            "capacity_reservation_specification": [
              {
                "capacity_reservation_preference": "open",
                "capacity_reservation_target": []
              }
            ],
            "cpu_core_count": 1,
            "cpu_options": [
              {
                "amd_sev_snp": "",
                "core_count": 1,
                "threads_per_core": 2
              }
            ],
            "cpu_threads_per_core": 2,
            "credit_specification": [
              {
                "cpu_credits": "unlimited"
              }
            ],
            "disable_api_stop": false,
            "disable_api_termination": false,
            "ebs_block_device": [],
            "ebs_optimized": false,
            "enable_primary_ipv6": null,
            "enclave_options": [
              {
                "enabled": false
              }
            ],
            "ephemeral_block_device": [],
            "get_password_data": false,
            "hibernation": false,
            "host_id": "",
            "host_resource_group_arn": null,
            "iam_instance_profile": "",
            "id": "i-03c6ebda89eb75627",
            "instance_initiated_shutdown_behavior": "stop",
            "instance_lifecycle": "",
            "instance_market_options": [],
            "instance_state": "running",
            "instance_type": "t3.micro",
            "ipv6_address_count": 0,
            "ipv6_addresses": [],
            "key_name": "mcp-demo-key",
            "launch_template": [],
            "maintenance_options": [
              {
                "auto_recovery": "default"
              }
            ],
            "metadata_options": [
              {
                "http_endpoint": "enabled",
                "http_protocol_ipv6": "disabled",
                "http_put_response_hop_limit": 1,
                "http_tokens": "optional",
                "instance_metadata_tags": "disabled"
              }
            ],
            "monitoring": false,
            "network_interface": [],
            "outpost_arn": "",
            "password_data": "",
            "placement_group": "",
            "placement_partition_number": 0,
            "primary_network_interface_id": "eni-08a34e35498009b99",
            "private_dns": "ip-10-0-2-165.ec2.internal",
            "private_dns_name_options": [
              {
                "enable_resource_name_dns_a_record": false,
                "enable_resource_name_dns_aaaa_record": false,
                "hostname_type": "ip-name"
              }
            ],
            "private_ip": "10.0.2.165",
            "public_dns": "ec2-54-81-46-93.compute-1.amazonaws.com",
            "public_ip": "54.81.46.93",
            "root_block_device": [
              {
                "delete_on_termination": true,
                "device_name": "/dev/xvda",
                "encrypted": false,
                "iops": 100,
                "kms_key_id": "",
                "tags": {
                  "Environment": "mcp-demo",
                  "ManagedBy": "Terraform",
                  "Project": "MCP-AWS-Demo"
                },
                "tags_all": {
                  "Environment": "mcp-demo",
                  "ManagedBy": "Terraform",
                  "Project": "MCP-AWS-Demo"
                },
                "throughput": 0,
                "volume_id": "vol-0e0f3f1ae3b4576f3",
                "volume_size": 8,
                "volume_type": "gp2"
              }
            ],
            "secondary_private_ips": [],
            "security_groups": [],
            "source_dest_check": true,
            "spot_instance_request_id": "",
            "subnet_id": "subnet-02b0b67aa3af996ee",
            "tags": {
              "Environment": "mcp-demo",
              "Name": "mcp-demo-web-server-2",
              "Role": "WebServer"
            },
            "tags_all": {
              "Environment": "mcp-demo",
              "ManagedBy": "Terraform",
              "Name": "mcp-demo-web-server-2",
              "Project": "MCP-AWS-Demo",
              "Role": "WebServer"
            },
            "tenancy": "default",
            "timeouts": null,
            "user_data": "b8c34a3e28cb1bbb10210dfdf1a4110d4a0e29ed",
            "user_data_base64": null,
            "user_data_replace_on_change": false,
            "volume_tags": null,
            "vpc_security_group_ids": [
              "sg-0a63fb8f690848ee3"
            ]
          },
          "sensitive_attributes": [],
          "private": "eyJlMmJmYjczMC1lY2FhLTExZTYtOGY4OC0zNDM2M2JjN2M0YzAiOnsiY3JlYXRlIjo2MDAwMDAwMDAwMDAsImRlbGV0ZSI6MTIwMDAwMDAwMDAwMCwicmVhZCI6OTAwMDAwMDAwMDAwLCJ1cGRhdGUiOjYwMDAwMDAwMDAwMH0sInNjaGVtYV92ZXJzaW9uIjoiMSJ9",
          "dependencies": [
            "aws_key_pair.mcp_demo_key",
            "aws_security_group.mcp_demo_web_sg",
            "aws_subnet.mcp_demo_public_subnet",
            "aws_vpc.mcp_demo_vpc",
            "data.aws_ami.amazon_linux",
            "data.aws_availability_zones.available"
          ]
        }
      ]
    },
    {
      "mode": "managed",
      "type": "aws_instance",
      "name": "mcp_server",
      "provider": "provider[\"registry.terraform.io/hashicorp/aws\"]",
      "instances": [
        {
          "schema_version": 1,
          "attributes": {
            "ami": "ami-083e865b97bdf1c1b",
            "arn": "arn:aws:ec2:us-east-1:471112722210:instance/i-0a30e9def0e34344d",
            "associate_public_ip_address": true,
            "availability_zone": "us-east-1a",
            "capacity_reservation_specification": [
              {
                "capacity_reservation_preference": "open",
                "capacity_reservation_target": []
              }
            ],
            "cpu_core_count": 1,
            "cpu_options": [
              {
                "amd_sev_snp": "",
                "core_count": 1,
                "threads_per_core": 2
              }
            ],
            "cpu_threads_per_core": 2,
            "credit_specification": [
              {
                "cpu_credits": "unlimited"
              }
            ],
            "disable_api_stop": false,
            "disable_api_termination": false,
            "ebs_block_device": [],
            "ebs_optimized": false,
            "enable_primary_ipv6": null,
            "enclave_options": [
              {
                "enabled": false
              }
            ],
            "ephemeral_block_device": [],
            "get_password_data": false,
            "hibernation": false,
            "host_id": "",
            "host_resource_group_arn": null,
            "iam_instance_profile": "mcp-demo-mcp-server-profile",
            "id": "i-0a30e9def0e34344d",
            "instance_initiated_shutdown_behavior": "stop",
            "instance_lifecycle": "",
            "instance_market_options": [],
            "instance_state": "running",
            "instance_type": "t3.medium",
            "ipv6_address_count": 0,
            "ipv6_addresses": [],
            "key_name": "mcp-demo-key",
            "launch_template": [],
            "maintenance_options": [
              {
                "auto_recovery": "default"
              }
            ],
            "metadata_options": [
              {
                "http_endpoint": "enabled",
                "http_protocol_ipv6": "disabled",
                "http_put_response_hop_limit": 1,
                "http_tokens": "optional",
                "instance_metadata_tags": "disabled"
              }
            ],
            "monitoring": false,
            "network_interface": [],
            "outpost_arn": "",
            "password_data": "",
            "placement_group": "",
            "placement_partition_number": 0,
            "primary_network_interface_id": "eni-06b3396e3472625b1",
            "private_dns": "ip-10-0-1-173.ec2.internal",
            "private_dns_name_options": [
              {
                "enable_resource_name_dns_a_record": false,
                "enable_resource_name_dns_aaaa_record": false,
                "hostname_type": "ip-name"
              }
            ],
            "private_ip": "10.0.1.173",
            "public_dns": "ec2-100-26-187-205.compute-1.amazonaws.com",
            "public_ip": "100.26.187.205",
            "root_block_device": [
              {
                "delete_on_termination": true,
                "device_name": "/dev/xvda",
                "encrypted": false,
                "iops": 100,
                "kms_key_id": "",
                "tags": {
                  "Environment": "mcp-demo",
                  "ManagedBy": "Terraform",
                  "Project": "MCP-AWS-Demo"
                },
                "tags_all": {
                  "Environment": "mcp-demo",
                  "ManagedBy": "Terraform",
                  "Project": "MCP-AWS-Demo"
                },
                "throughput": 0,
                "volume_id": "vol-0c3b312bdafd58271",
                "volume_size": 8,
                "volume_type": "gp2"
              }
            ],
            "secondary_private_ips": [],
            "security_groups": [],
            "source_dest_check": true,
            "spot_instance_request_id": "",
            "subnet_id": "subnet-0d047cbc0d3c87c20",
            "tags": {
              "Environment": "mcp-demo",
              "Name": "mcp-demo-mcp-server",
              "Purpose": "AWS MCP Management Server",
              "Role": "MCPServer"
            },
            "tags_all": {
              "Environment": "mcp-demo",
              "ManagedBy": "Terraform",
              "Name": "mcp-demo-mcp-server",
              "Project": "MCP-AWS-Demo",
              "Purpose": "AWS MCP Management Server",
              "Role": "MCPServer"
            },
            "tenancy": "default",
            "timeouts": null,
            "user_data": "3f90bb9e40ae72391abbc34fbeeef2cae2deed9c",
            "user_data_base64": null,
            "user_data_replace_on_change": false,
            "volume_tags": null,
            "vpc_security_group_ids": [
              "sg-0a63fb8f690848ee3"
            ]
          },
          "sensitive_attributes": [],
          "private": "eyJlMmJmYjczMC1lY2FhLTExZTYtOGY4OC0zNDM2M2JjN2M0YzAiOnsiY3JlYXRlIjo2MDAwMDAwMDAwMDAsImRlbGV0ZSI6MTIwMDAwMDAwMDAwMCwicmVhZCI6OTAwMDAwMDAwMDAwLCJ1cGRhdGUiOjYwMDAwMDAwMDAwMH0sInNjaGVtYV92ZXJzaW9uIjoiMSJ9",
          "dependencies": [
            "aws_iam_instance_profile.mcp_server_profile",
            "aws_iam_role.mcp_server_role",
            "aws_key_pair.mcp_demo_key",
            "aws_security_group.mcp_demo_web_sg",
            "aws_subnet.mcp_demo_public_subnet",
            "aws_vpc.mcp_demo_vpc",
            "data.aws_ami.amazon_linux",
            "data.aws_availability_zones.available"
          ]
        }
      ]
    },
    {
      "mode": "managed",
      "type": "aws_internet_gateway",
      "name": "mcp_demo_igw",
      "provider": "provider[\"registry.terraform.io/hashicorp/aws\"]",
      "instances": [
        {
          "schema_version": 0,
          "attributes": {
            "arn": "arn:aws:ec2:us-east-1:471112722210:internet-gateway/igw-01c251a34d7265a50",
            "id": "igw-01c251a34d7265a50",
            "owner_id": "471112722210",
            "tags": {
              "Environment": "mcp-demo",
              "Name": "mcp-demo-igw"
            },
            "tags_all": {
              "Environment": "mcp-demo",
              "ManagedBy": "Terraform",
              "Name": "mcp-demo-igw",
              "Project": "MCP-AWS-Demo"
            },
            "timeouts": null,
            "vpc_id": "vpc-0548b447418f5cc54"
          },
          "sensitive_attributes": [],
          "private": "eyJlMmJmYjczMC1lY2FhLTExZTYtOGY4OC0zNDM2M2JjN2M0YzAiOnsiY3JlYXRlIjoxMjAwMDAwMDAwMDAwLCJkZWxldGUiOjEyMDAwMDAwMDAwMDAsInVwZGF0ZSI6MTIwMDAwMDAwMDAwMH19",
          "dependencies": [
            "aws_vpc.mcp_demo_vpc"
          ]
        }
      ]
    },
    {
      "mode": "managed",
      "type": "aws_key_pair",
      "name": "mcp_demo_key",
      "provider": "provider[\"registry.terraform.io/hashicorp/aws\"]",
      "instances": [
        {
          "schema_version": 1,
          "attributes": {
            "arn": "arn:aws:ec2:us-east-1:471112722210:key-pair/mcp-demo-key",
            "fingerprint": "dc:eb:67:c9:4a:16:02:fa:1b:f8:1e:e2:66:e8:72:4e",
            "id": "mcp-demo-key",
            "key_name": "mcp-demo-key",
            "key_name_prefix": "",
            "key_pair_id": "key-0895920bc60f2b6c2",
            "key_type": "rsa",
            "public_key": "ssh-rsa AAAAB3NzaC1yc2EAAAADAQABAAACAQC7ynbHsLVbYParfSp2Sv5tZMXyAHWGLxkFM6Yzx9SaVRD51USHMGpqGnaKHvubgpn0/2Fxv1GqJNwJCL/WP0CVySp7qscrtDTcJRbDSUY0jU7J89IRYVwpAAoXpSgh0tuz1u4NwEINosPxZH5YVSTEB6C/NQlKWkRm0e0PXclq0Ep0aWXWepC4LQVd1uQRNV7CzshMm+aHvPW8qOTNhFJyOJABkV5SCh/pYPtXY+B5hr6oK86EK3o5L0GUcXVYpsYnPsLSs/XIERN/HqzNWGgXaFToj4u9OBu3ojGfpNzlfVlZyHbgTgXo4GUZUCgbHDn4oKD1M7nlfLy0wREuTfo5u6oXc9Fw8BOGAVPglK6q/ZHAGwhP0d3mlVhtIRmKrJCgHrvAerIfsqIQVOGMBD46kL11mSq2cVyLqadQt2MUaTw7kxPfJ0IyMwykQBSNsTvR1/pec5hPvvea3Vv6cZpyITT5//WcasYPYbzaGSNRaMYPzs+1W/UI1573W7vf/jGNHDrpbPTXqecT8gJ3puW2GPlNaq4Mu9OaL+LAJIQxZng4jaQYrr40ds4HYrNgc8gHcWr456aj4VWbzALHhJK9ogoJ5+KmB4/CjB/qlXoUkF0VXwu7yqIBQkpPN2OY2Hz/cdHO4zJkY1eah3mvpzXzAUaQCuX8fU9vTOtnGvLjww== mohan@terraform-test",
            "tags": {
              "Environment": "mcp-demo"
            },
            "tags_all": {
              "Environment": "mcp-demo",
              "ManagedBy": "Terraform",
              "Project": "MCP-AWS-Demo"
            }
          },
          "sensitive_attributes": [],
          "private": "eyJzY2hlbWFfdmVyc2lvbiI6IjEifQ=="
        }
      ]
    },
    {
      "mode": "managed",
      "type": "aws_lambda_function",
      "name": "mcp_data_processor",
      "provider": "provider[\"registry.terraform.io/hashicorp/aws\"]",
      "instances": [
        {
          "schema_version": 0,
          "attributes": {
            "architectures": [
              "x86_64"
            ],
            "arn": "arn:aws:lambda:us-east-1:471112722210:function:mcp-demo-mcp-data-processor",
            "code_sha256": "g6YE5WVqiEtm/b91bSksBcXDcbBRSa+jA6M4yDVeRQg=",
            "code_signing_config_arn": "",
            "dead_letter_config": [],
            "description": "",
            "environment": [
              {
                "variables": {
                  "ENVIRONMENT": "mcp-demo",
                  "PURPOSE": "data-processing"
                }
              }
            ],
            "ephemeral_storage": [
              {
                "size": 512
              }
            ],
            "file_system_config": [],
            "filename": "./lambda_function.zip",
            "function_name": "mcp-demo-mcp-data-processor",
            "handler": "lambda_function.lambda_handler",
            "id": "mcp-demo-mcp-data-processor",
            "image_config": [],
            "image_uri": "",
            "invoke_arn": "arn:aws:apigateway:us-east-1:lambda:path/2015-03-31/functions/arn:aws:lambda:us-east-1:471112722210:function:mcp-demo-mcp-data-processor/invocations",
            "kms_key_arn": "",
            "last_modified": "2025-07-27T09:41:50.583+0000",
            "layers": null,
            "logging_config": [
              {
                "application_log_level": "",
                "log_format": "Text",
                "log_group": "/aws/lambda/mcp-demo-mcp-data-processor",
                "system_log_level": ""
              }
            ],
            "memory_size": 256,
            "package_type": "Zip",
            "publish": false,
            "qualified_arn": "arn:aws:lambda:us-east-1:471112722210:function:mcp-demo-mcp-data-processor:$LATEST",
            "qualified_invoke_arn": "arn:aws:apigateway:us-east-1:lambda:path/2015-03-31/functions/arn:aws:lambda:us-east-1:471112722210:function:mcp-demo-mcp-data-processor:$LATEST/invocations",
            "replace_security_groups_on_destroy": null,
            "replacement_security_group_ids": null,
            "reserved_concurrent_executions": -1,
            "role": "arn:aws:iam::471112722210:role/mcp-demo-lambda-execution-role",
            "runtime": "python3.9",
            "s3_bucket": null,
            "s3_key": null,
            "s3_object_version": null,
            "signing_job_arn": "",
            "signing_profile_version_arn": "",
            "skip_destroy": false,
            "snap_start": [],
            "source_code_hash": "g6YE5WVqiEtm/b91bSksBcXDcbBRSa+jA6M4yDVeRQg=",
            "source_code_size": 500,
            "tags": {
              "Environment": "mcp-demo",
              "Name": "mcp-demo-mcp-data-processor",
              "Purpose": "MCP Data Processing"
            },
            "tags_all": {
              "Environment": "mcp-demo",
              "ManagedBy": "Terraform",
              "Name": "mcp-demo-mcp-data-processor",
              "Project": "MCP-AWS-Demo",
              "Purpose": "MCP Data Processing"
            },
            "timeout": 60,
            "timeouts": null,
            "tracing_config": [
              {
                "mode": "PassThrough"
              }
            ],
            "version": "$LATEST",
            "vpc_config": []
          },
          "sensitive_attributes": [],
          "private": "eyJlMmJmYjczMC1lY2FhLTExZTYtOGY4OC0zNDM2M2JjN2M0YzAiOnsiY3JlYXRlIjo2MDAwMDAwMDAwMDAsImRlbGV0ZSI6NjAwMDAwMDAwMDAwLCJ1cGRhdGUiOjYwMDAwMDAwMDAwMH19",
          "dependencies": [
            "aws_iam_role.lambda_execution_role",
            "data.archive_file.lambda_zip"
          ]
        }
      ]
    },
    {
      "mode": "managed",
      "type": "aws_lambda_function",
      "name": "mcp_demo_function",
      "provider": "provider[\"registry.terraform.io/hashicorp/aws\"]",
      "instances": [
        {
          "schema_version": 0,
          "attributes": {
            "architectures": [
              "x86_64"
            ],
            "arn": "arn:aws:lambda:us-east-1:471112722210:function:mcp-demo-mcp-demo",
            "code_sha256": "g6YE5WVqiEtm/b91bSksBcXDcbBRSa+jA6M4yDVeRQg=",
            "code_signing_config_arn": "",
            "dead_letter_config": [],
            "description": "",
            "environment": [
              {
                "variables": {
                  "ENVIRONMENT": "mcp-demo"
                }
              }
            ],
            "ephemeral_storage": [
              {
                "size": 512
              }
            ],
            "file_system_config": [],
            "filename": "./lambda_function.zip",
            "function_name": "mcp-demo-mcp-demo",
            "handler": "lambda_function.lambda_handler",
            "id": "mcp-demo-mcp-demo",
            "image_config": [],
            "image_uri": "",
            "invoke_arn": "arn:aws:apigateway:us-east-1:lambda:path/2015-03-31/functions/arn:aws:lambda:us-east-1:471112722210:function:mcp-demo-mcp-demo/invocations",
            "kms_key_arn": "",
            "last_modified": "2025-07-27T09:41:43.253+0000",
            "layers": null,
            "logging_config": [
              {
                "application_log_level": "",
                "log_format": "Text",
                "log_group": "/aws/lambda/mcp-demo-mcp-demo",
                "system_log_level": ""
              }
            ],
            "memory_size": 128,
            "package_type": "Zip",
            "publish": false,
            "qualified_arn": "arn:aws:lambda:us-east-1:471112722210:function:mcp-demo-mcp-demo:$LATEST",
            "qualified_invoke_arn": "arn:aws:apigateway:us-east-1:lambda:path/2015-03-31/functions/arn:aws:lambda:us-east-1:471112722210:function:mcp-demo-mcp-demo:$LATEST/invocations",
            "replace_security_groups_on_destroy": null,
            "replacement_security_group_ids": null,
            "reserved_concurrent_executions": -1,
            "role": "arn:aws:iam::471112722210:role/mcp-demo-lambda-execution-role",
            "runtime": "python3.9",
            "s3_bucket": null,
            "s3_key": null,
            "s3_object_version": null,
            "signing_job_arn": "",
            "signing_profile_version_arn": "",
            "skip_destroy": false,
            "snap_start": [],
            "source_code_hash": "g6YE5WVqiEtm/b91bSksBcXDcbBRSa+jA6M4yDVeRQg=",
            "source_code_size": 500,
            "tags": {
              "Environment": "mcp-demo",
              "Name": "mcp-demo-mcp-demo",
              "Purpose": "MCP Demo Function"
            },
            "tags_all": {
              "Environment": "mcp-demo",
              "ManagedBy": "Terraform",
              "Name": "mcp-demo-mcp-demo",
              "Project": "MCP-AWS-Demo",
              "Purpose": "MCP Demo Function"
            },
            "timeout": 30,
            "timeouts": null,
            "tracing_config": [
              {
                "mode": "PassThrough"
              }
            ],
            "version": "$LATEST",
            "vpc_config": []
          },
          "sensitive_attributes": [],
          "private": "eyJlMmJmYjczMC1lY2FhLTExZTYtOGY4OC0zNDM2M2JjN2M0YzAiOnsiY3JlYXRlIjo2MDAwMDAwMDAwMDAsImRlbGV0ZSI6NjAwMDAwMDAwMDAwLCJ1cGRhdGUiOjYwMDAwMDAwMDAwMH19",
          "dependencies": [
            "aws_iam_role.lambda_execution_role",
            "data.archive_file.lambda_zip"
          ]
        }
      ]
    },
    {
      "mode": "managed",
      "type": "aws_lambda_function",
      "name": "mcp_test_function",
      "provider": "provider[\"registry.terraform.io/hashicorp/aws\"]",
      "instances": [
        {
          "schema_version": 0,
          "attributes": {
            "architectures": [
              "x86_64"
            ],
            "arn": "arn:aws:lambda:us-east-1:471112722210:function:mcp-demo-mcp-test",
            "code_sha256": "g6YE5WVqiEtm/b91bSksBcXDcbBRSa+jA6M4yDVeRQg=",
            "code_signing_config_arn": "",
            "dead_letter_config": [],
            "description": "",
            "environment": [
              {
                "variables": {
                  "ENVIRONMENT": "mcp-demo"
                }
              }
            ],
            "ephemeral_storage": [
              {
                "size": 512
              }
            ],
            "file_system_config": [],
            "filename": "./lambda_function.zip",
            "function_name": "mcp-demo-mcp-test",
            "handler": "lambda_function.lambda_handler",
            "id": "mcp-demo-mcp-test",
            "image_config": [],
            "image_uri": "",
            "invoke_arn": "arn:aws:apigateway:us-east-1:lambda:path/2015-03-31/functions/arn:aws:lambda:us-east-1:471112722210:function:mcp-demo-mcp-test/invocations",
            "kms_key_arn": "",
            "last_modified": "2025-07-27T09:41:57.939+0000",
            "layers": null,
            "logging_config": [
              {
                "application_log_level": "",
                "log_format": "Text",
                "log_group": "/aws/lambda/mcp-demo-mcp-test",
                "system_log_level": ""
              }
            ],
            "memory_size": 256,
            "package_type": "Zip",
            "publish": false,
            "qualified_arn": "arn:aws:lambda:us-east-1:471112722210:function:mcp-demo-mcp-test:$LATEST",
            "qualified_invoke_arn": "arn:aws:apigateway:us-east-1:lambda:path/2015-03-31/functions/arn:aws:lambda:us-east-1:471112722210:function:mcp-demo-mcp-test:$LATEST/invocations",
            "replace_security_groups_on_destroy": null,
            "replacement_security_group_ids": null,
            "reserved_concurrent_executions": -1,
            "role": "arn:aws:iam::471112722210:role/mcp-demo-lambda-execution-role",
            "runtime": "python3.9",
            "s3_bucket": null,
            "s3_key": null,
            "s3_object_version": null,
            "signing_job_arn": "",
            "signing_profile_version_arn": "",
            "skip_destroy": false,
            "snap_start": [],
            "source_code_hash": "g6YE5WVqiEtm/b91bSksBcXDcbBRSa+jA6M4yDVeRQg=",
            "source_code_size": 500,
            "tags": {
              "Environment": "mcp-demo",
              "Name": "mcp-demo-mcp-test",
              "Purpose": "MCP Test Function"
            },
            "tags_all": {
              "Environment": "mcp-demo",
              "ManagedBy": "Terraform",
              "Name": "mcp-demo-mcp-test",
              "Project": "MCP-AWS-Demo",
              "Purpose": "MCP Test Function"
            },
            "timeout": 60,
            "timeouts": null,
            "tracing_config": [
              {
                "mode": "PassThrough"
              }
            ],
            "version": "$LATEST",
            "vpc_config": []
          },
          "sensitive_attributes": [],
          "private": "eyJlMmJmYjczMC1lY2FhLTExZTYtOGY4OC0zNDM2M2JjN2M0YzAiOnsiY3JlYXRlIjo2MDAwMDAwMDAwMDAsImRlbGV0ZSI6NjAwMDAwMDAwMDAwLCJ1cGRhdGUiOjYwMDAwMDAwMDAwMH19",
          "dependencies": [
            "aws_iam_role.lambda_execution_role",
            "data.archive_file.lambda_zip"
          ]
        }
      ]
    },
    {
      "mode": "managed",
      "type": "aws_route_table",
      "name": "mcp_demo_public_rt",
      "provider": "provider[\"registry.terraform.io/hashicorp/aws\"]",
      "instances": [
        {
          "schema_version": 0,
          "attributes": {
            "arn": "arn:aws:ec2:us-east-1:471112722210:route-table/rtb-06318b56a9d0eeefc",
            "id": "rtb-06318b56a9d0eeefc",
            "owner_id": "471112722210",
            "propagating_vgws": [],
            "route": [
              {
                "carrier_gateway_id": "",
                "cidr_block": "0.0.0.0/0",
                "core_network_arn": "",
                "destination_prefix_list_id": "",
                "egress_only_gateway_id": "",
                "gateway_id": "igw-01c251a34d7265a50",
                "ipv6_cidr_block": "",
                "local_gateway_id": "",
                "nat_gateway_id": "",
                "network_interface_id": "",
                "transit_gateway_id": "",
                "vpc_endpoint_id": "",
                "vpc_peering_connection_id": ""
              }
            ],
            "tags": {
              "Environment": "mcp-demo",
              "Name": "mcp-demo-public-rt"
            },
            "tags_all": {
              "Environment": "mcp-demo",
              "ManagedBy": "Terraform",
              "Name": "mcp-demo-public-rt",
              "Project": "MCP-AWS-Demo"
            },
            "timeouts": null,
            "vpc_id": "vpc-0548b447418f5cc54"
          },
          "sensitive_attributes": [],
          "private": "eyJlMmJmYjczMC1lY2FhLTExZTYtOGY4OC0zNDM2M2JjN2M0YzAiOnsiY3JlYXRlIjozMDAwMDAwMDAwMDAsImRlbGV0ZSI6MzAwMDAwMDAwMDAwLCJ1cGRhdGUiOjEyMDAwMDAwMDAwMH19",
          "dependencies": [
            "aws_internet_gateway.mcp_demo_igw",
            "aws_vpc.mcp_demo_vpc"
          ]
        }
      ]
    },
    {
      "mode": "managed",
      "type": "aws_route_table_association",
      "name": "mcp_demo_public_rta",
      "provider": "provider[\"registry.terraform.io/hashicorp/aws\"]",
      "instances": [
        {
          "index_key": 0,
          "schema_version": 0,
          "attributes": {
            "gateway_id": "",
            "id": "rtbassoc-0b07a8acb433fc370",
            "route_table_id": "rtb-06318b56a9d0eeefc",
            "subnet_id": "subnet-0d047cbc0d3c87c20",
            "timeouts": null
          },
          "sensitive_attributes": [],
          "private": "eyJlMmJmYjczMC1lY2FhLTExZTYtOGY4OC0zNDM2M2JjN2M0YzAiOnsiY3JlYXRlIjozMDAwMDAwMDAwMDAsImRlbGV0ZSI6MzAwMDAwMDAwMDAwLCJ1cGRhdGUiOjEyMDAwMDAwMDAwMH19",
          "dependencies": [
            "aws_internet_gateway.mcp_demo_igw",
            "aws_route_table.mcp_demo_public_rt",
            "aws_subnet.mcp_demo_public_subnet",
            "aws_vpc.mcp_demo_vpc",
            "data.aws_availability_zones.available"
          ]
        },
        {
          "index_key": 1,
          "schema_version": 0,
          "attributes": {
            "gateway_id": "",
            "id": "rtbassoc-0cc2a3bad6a1605ab",
            "route_table_id": "rtb-06318b56a9d0eeefc",
            "subnet_id": "subnet-02b0b67aa3af996ee",
            "timeouts": null
          },
          "sensitive_attributes": [],
          "private": "eyJlMmJmYjczMC1lY2FhLTExZTYtOGY4OC0zNDM2M2JjN2M0YzAiOnsiY3JlYXRlIjozMDAwMDAwMDAwMDAsImRlbGV0ZSI6MzAwMDAwMDAwMDAwLCJ1cGRhdGUiOjEyMDAwMDAwMDAwMH19",
          "dependencies": [
            "aws_internet_gateway.mcp_demo_igw",
            "aws_route_table.mcp_demo_public_rt",
            "aws_subnet.mcp_demo_public_subnet",
            "aws_vpc.mcp_demo_vpc",
            "data.aws_availability_zones.available"
          ]
        }
      ]
    },
    {
      "mode": "managed",
      "type": "aws_s3_bucket",
      "name": "mcp_demo_backups",
      "provider": "provider[\"registry.terraform.io/hashicorp/aws\"]",
      "instances": [
        {
          "schema_version": 0,
          "attributes": {
            "acceleration_status": "",
            "acl": null,
            "arn": "arn:aws:s3:::mcp-demo-backups-bucket-2880492a",
            "bucket": "mcp-demo-backups-bucket-2880492a",
            "bucket_domain_name": "mcp-demo-backups-bucket-2880492a.s3.amazonaws.com",
            "bucket_prefix": "",
            "bucket_regional_domain_name": "mcp-demo-backups-bucket-2880492a.s3.us-east-1.amazonaws.com",
            "cors_rule": [],
            "force_destroy": false,
            "grant": [
              {
                "id": "ca352416f5abe0ba356254827db49eb7d67d970df0590c64678d609143b72fcb",
                "permissions": [
                  "FULL_CONTROL"
                ],
                "type": "CanonicalUser",
                "uri": ""
              }
            ],
            "hosted_zone_id": "Z3AQBSTGFYJSTF",
            "id": "mcp-demo-backups-bucket-2880492a",
            "lifecycle_rule": [],
            "logging": [],
            "object_lock_configuration": [],
            "object_lock_enabled": false,
            "policy": "",
            "region": "us-east-1",
            "replication_configuration": [],
            "request_payer": "BucketOwner",
            "server_side_encryption_configuration": [
              {
                "rule": [
                  {
                    "apply_server_side_encryption_by_default": [
                      {
                        "kms_master_key_id": "",
                        "sse_algorithm": "AES256"
                      }
                    ],
                    "bucket_key_enabled": false
                  }
                ]
              }
            ],
            "tags": {
              "Environment": "mcp-demo",
              "Name": "mcp-demo-backups-bucket",
              "Purpose": "Backup Storage"
            },
            "tags_all": {
              "Environment": "mcp-demo",
              "ManagedBy": "Terraform",
              "Name": "mcp-demo-backups-bucket",
              "Project": "MCP-AWS-Demo",
              "Purpose": "Backup Storage"
            },
            "timeouts": null,
            "versioning": [
              {
                "enabled": false,
                "mfa_delete": false
              }
            ],
            "website": [],
            "website_domain": null,
            "website_endpoint": null
          },
          "sensitive_attributes": [],
          "private": "eyJlMmJmYjczMC1lY2FhLTExZTYtOGY4OC0zNDM2M2JjN2M0YzAiOnsiY3JlYXRlIjoxMjAwMDAwMDAwMDAwLCJkZWxldGUiOjM2MDAwMDAwMDAwMDAsInJlYWQiOjEyMDAwMDAwMDAwMDAsInVwZGF0ZSI6MTIwMDAwMDAwMDAwMH19",
          "dependencies": [
            "random_id.bucket_suffix"
          ]
        }
      ]
    },
    {
      "mode": "managed",
      "type": "aws_s3_bucket",
      "name": "mcp_demo_data",
      "provider": "provider[\"registry.terraform.io/hashicorp/aws\"]",
      "instances": [
        {
          "schema_version": 0,
          "attributes": {
            "acceleration_status": "",
            "acl": null,
            "arn": "arn:aws:s3:::mcp-demo-data-bucket-2880492a",
            "bucket": "mcp-demo-data-bucket-2880492a",
            "bucket_domain_name": "mcp-demo-data-bucket-2880492a.s3.amazonaws.com",
            "bucket_prefix": "",
            "bucket_regional_domain_name": "mcp-demo-data-bucket-2880492a.s3.us-east-1.amazonaws.com",
            "cors_rule": [],
            "force_destroy": false,
            "grant": [
              {
                "id": "ca352416f5abe0ba356254827db49eb7d67d970df0590c64678d609143b72fcb",
                "permissions": [
                  "FULL_CONTROL"
                ],
                "type": "CanonicalUser",
                "uri": ""
              }
            ],
            "hosted_zone_id": "Z3AQBSTGFYJSTF",
            "id": "mcp-demo-data-bucket-2880492a",
            "lifecycle_rule": [],
            "logging": [],
            "object_lock_configuration": [],
            "object_lock_enabled": false,
            "policy": "",
            "region": "us-east-1",
            "replication_configuration": [],
            "request_payer": "BucketOwner",
            "server_side_encryption_configuration": [
              {
                "rule": [
                  {
                    "apply_server_side_encryption_by_default": [
                      {
                        "kms_master_key_id": "",
                        "sse_algorithm": "AES256"
                      }
                    ],
                    "bucket_key_enabled": false
                  }
                ]
              }
            ],
            "tags": {
              "Environment": "mcp-demo",
              "Name": "mcp-demo-data-bucket",
              "Purpose": "Data Storage"
            },
            "tags_all": {
              "Environment": "mcp-demo",
              "ManagedBy": "Terraform",
              "Name": "mcp-demo-data-bucket",
              "Project": "MCP-AWS-Demo",
              "Purpose": "Data Storage"
            },
            "timeouts": null,
            "versioning": [
              {
                "enabled": false,
                "mfa_delete": false
              }
            ],
            "website": [],
            "website_domain": null,
            "website_endpoint": null
          },
          "sensitive_attributes": [],
          "private": "eyJlMmJmYjczMC1lY2FhLTExZTYtOGY4OC0zNDM2M2JjN2M0YzAiOnsiY3JlYXRlIjoxMjAwMDAwMDAwMDAwLCJkZWxldGUiOjM2MDAwMDAwMDAwMDAsInJlYWQiOjEyMDAwMDAwMDAwMDAsInVwZGF0ZSI6MTIwMDAwMDAwMDAwMH19",
          "dependencies": [
            "random_id.bucket_suffix"
          ]
        }
      ]
    },
    {
      "mode": "managed",
      "type": "aws_s3_bucket",
      "name": "mcp_demo_logs",
      "provider": "provider[\"registry.terraform.io/hashicorp/aws\"]",
      "instances": [
        {
          "schema_version": 0,
          "attributes": {
            "acceleration_status": "",
            "acl": null,
            "arn": "arn:aws:s3:::mcp-demo-logs-bucket-2880492a",
            "bucket": "mcp-demo-logs-bucket-2880492a",
            "bucket_domain_name": "mcp-demo-logs-bucket-2880492a.s3.amazonaws.com",
            "bucket_prefix": "",
            "bucket_regional_domain_name": "mcp-demo-logs-bucket-2880492a.s3.us-east-1.amazonaws.com",
            "cors_rule": [],
            "force_destroy": false,
            "grant": [
              {
                "id": "ca352416f5abe0ba356254827db49eb7d67d970df0590c64678d609143b72fcb",
                "permissions": [
                  "FULL_CONTROL"
                ],
                "type": "CanonicalUser",
                "uri": ""
              }
            ],
            "hosted_zone_id": "Z3AQBSTGFYJSTF",
            "id": "mcp-demo-logs-bucket-2880492a",
            "lifecycle_rule": [],
            "logging": [],
            "object_lock_configuration": [],
            "object_lock_enabled": false,
            "policy": "",
            "region": "us-east-1",
            "replication_configuration": [],
            "request_payer": "BucketOwner",
            "server_side_encryption_configuration": [
              {
                "rule": [
                  {
                    "apply_server_side_encryption_by_default": [
                      {
                        "kms_master_key_id": "",
                        "sse_algorithm": "AES256"
                      }
                    ],
                    "bucket_key_enabled": false
                  }
                ]
              }
            ],
            "tags": {
              "Environment": "mcp-demo",
              "Name": "mcp-demo-logs-bucket",
              "Purpose": "Log Storage"
            },
            "tags_all": {
              "Environment": "mcp-demo",
              "ManagedBy": "Terraform",
              "Name": "mcp-demo-logs-bucket",
              "Project": "MCP-AWS-Demo",
              "Purpose": "Log Storage"
            },
            "timeouts": null,
            "versioning": [
              {
                "enabled": false,
                "mfa_delete": false
              }
            ],
            "website": [],
            "website_domain": null,
            "website_endpoint": null
          },
          "sensitive_attributes": [],
          "private": "eyJlMmJmYjczMC1lY2FhLTExZTYtOGY4OC0zNDM2M2JjN2M0YzAiOnsiY3JlYXRlIjoxMjAwMDAwMDAwMDAwLCJkZWxldGUiOjM2MDAwMDAwMDAwMDAsInJlYWQiOjEyMDAwMDAwMDAwMDAsInVwZGF0ZSI6MTIwMDAwMDAwMDAwMH19",
          "dependencies": [
            "random_id.bucket_suffix"
          ]
        }
      ]
    },
    {
      "mode": "managed",
      "type": "aws_s3_bucket_server_side_encryption_configuration",
      "name": "mcp_demo_data_encryption",
      "provider": "provider[\"registry.terraform.io/hashicorp/aws\"]",
      "instances": [
        {
          "schema_version": 0,
          "attributes": {
            "bucket": "mcp-demo-data-bucket-2880492a",
            "expected_bucket_owner": "",
            "id": "mcp-demo-data-bucket-2880492a",
            "rule": [
              {
                "apply_server_side_encryption_by_default": [
                  {
                    "kms_master_key_id": "",
                    "sse_algorithm": "AES256"
                  }
                ],
                "bucket_key_enabled": null
              }
            ]
          },
          "sensitive_attributes": [],
          "private": "bnVsbA==",
          "dependencies": [
            "aws_s3_bucket.mcp_demo_data",
            "random_id.bucket_suffix"
          ]
        }
      ]
    },
    {
      "mode": "managed",
      "type": "aws_s3_bucket_versioning",
      "name": "mcp_demo_data_versioning",
      "provider": "provider[\"registry.terraform.io/hashicorp/aws\"]",
      "instances": [
        {
          "schema_version": 0,
          "attributes": {
            "bucket": "mcp-demo-data-bucket-2880492a",
            "expected_bucket_owner": "",
            "id": "mcp-demo-data-bucket-2880492a",
            "mfa": null,
            "versioning_configuration": [
              {
                "mfa_delete": "",
                "status": "Enabled"
              }
            ]
          },
          "sensitive_attributes": [],
          "private": "bnVsbA==",
          "dependencies": [
            "aws_s3_bucket.mcp_demo_data",
            "random_id.bucket_suffix"
          ]
        }
      ]
    },
    {
      "mode": "managed",
      "type": "aws_s3_object",
      "name": "sample_data",
      "provider": "provider[\"registry.terraform.io/hashicorp/aws\"]",
      "instances": [
        {
          "schema_version": 0,
          "attributes": {
            "acl": null,
            "arn": "arn:aws:s3:::mcp-demo-data-bucket-2880492a/sample-data/config.json",
            "bucket": "mcp-demo-data-bucket-2880492a",
            "bucket_key_enabled": false,
            "cache_control": "",
            "checksum_algorithm": null,
            "checksum_crc32": "",
            "checksum_crc32c": "",
            "checksum_crc64nvme": "",
            "checksum_sha1": "",
            "checksum_sha256": "",
            "content": "{\"application\":\"mcp-demo\",\"created_at\":\"2025-07-27T09:41:37Z\",\"environment\":\"mcp-demo\"}",
            "content_base64": null,
            "content_disposition": "",
            "content_encoding": "",
            "content_language": "",
            "content_type": "application/json",
            "etag": "5d827303f03fd6a56e50c1160fc4c2b8",
            "force_destroy": false,
            "id": "sample-data/config.json",
            "key": "sample-data/config.json",
            "kms_key_id": null,
            "metadata": null,
            "object_lock_legal_hold_status": "",
            "object_lock_mode": "",
            "object_lock_retain_until_date": "",
            "override_provider": [],
            "server_side_encryption": "AES256",
            "source": null,
            "source_hash": null,
            "storage_class": "STANDARD",
            "tags": {
              "Environment": "mcp-demo"
            },
            "tags_all": {
              "Environment": "mcp-demo",
              "ManagedBy": "Terraform",
              "Project": "MCP-AWS-Demo"
            },
            "version_id": "1ixPotJdgkOyN_GJ3ZB8ZwbS.3AKmEGU",
            "website_redirect": ""
          },
          "sensitive_attributes": [],
          "private": "bnVsbA==",
          "dependencies": [
            "aws_s3_bucket.mcp_demo_data",
            "random_id.bucket_suffix"
          ]
        }
      ]
    },
    {
      "mode": "managed",
      "type": "aws_s3_object",
      "name": "sample_log",
      "provider": "provider[\"registry.terraform.io/hashicorp/aws\"]",
      "instances": [
        {
          "schema_version": 0,
          "attributes": {
            "acl": null,
            "arn": "arn:aws:s3:::mcp-demo-logs-bucket-2880492a/application-logs/app.log",
            "bucket": "mcp-demo-logs-bucket-2880492a",
            "bucket_key_enabled": false,
            "cache_control": "",
            "checksum_algorithm": null,
            "checksum_crc32": "",
            "checksum_crc32c": "",
            "checksum_crc64nvme": "",
            "checksum_sha1": "",
            "checksum_sha256": "",
            "content": "2024-01-01 12:00:00 INFO Application started\n2024-01-01 12:00:01 INFO MCP Demo environment initialized\n",
            "content_base64": null,
            "content_disposition": "",
            "content_encoding": "",
            "content_language": "",
            "content_type": "application/octet-stream",
            "etag": "b0d7e77b642de5a70d4bc4ed8938728e",
            "force_destroy": false,
            "id": "application-logs/app.log",
            "key": "application-logs/app.log",
            "kms_key_id": null,
            "metadata": null,
            "object_lock_legal_hold_status": "",
            "object_lock_mode": "",
            "object_lock_retain_until_date": "",
            "override_provider": [],
            "server_side_encryption": "AES256",
            "source": null,
            "source_hash": null,
            "storage_class": "STANDARD",
            "tags": {
              "Environment": "mcp-demo"
            },
            "tags_all": {
              "Environment": "mcp-demo",
              "ManagedBy": "Terraform",
              "Project": "MCP-AWS-Demo"
            },
            "version_id": "",
            "website_redirect": ""
          },
          "sensitive_attributes": [],
          "private": "bnVsbA==",
          "dependencies": [
            "aws_s3_bucket.mcp_demo_logs",
            "random_id.bucket_suffix"
          ]
        }
      ]
    },
    {
      "mode": "managed",
      "type": "aws_security_group",
      "name": "mcp_demo_db_sg",
      "provider": "provider[\"registry.terraform.io/hashicorp/aws\"]",
      "instances": [
        {
          "schema_version": 1,
          "attributes": {
            "arn": "arn:aws:ec2:us-east-1:471112722210:security-group/sg-077758792e9daac21",
            "description": "Security group for MCP demo database",
            "egress": [
              {
                "cidr_blocks": [
                  "0.0.0.0/0"
                ],
                "description": "",
                "from_port": 0,
                "ipv6_cidr_blocks": [],
                "prefix_list_ids": [],
                "protocol": "-1",
                "security_groups": [],
                "self": false,
                "to_port": 0
              }
            ],
            "id": "sg-077758792e9daac21",
            "ingress": [
              {
                "cidr_blocks": [],
                "description": "MySQL from web security group",
                "from_port": 3306,
                "ipv6_cidr_blocks": [],
                "prefix_list_ids": [],
                "protocol": "tcp",
                "security_groups": [
                  "sg-0a63fb8f690848ee3"
                ],
                "self": false,
                "to_port": 3306
              }
            ],
            "name": "mcp-demo-mcp-demo-db-sg20250727094152333300000004",
            "name_prefix": "mcp-demo-mcp-demo-db-sg",
            "owner_id": "471112722210",
            "revoke_rules_on_delete": false,
            "tags": {
              "Environment": "mcp-demo",
              "Name": "mcp-demo-mcp-demo-db-sg"
            },
            "tags_all": {
              "Environment": "mcp-demo",
              "ManagedBy": "Terraform",
              "Name": "mcp-demo-mcp-demo-db-sg",
              "Project": "MCP-AWS-Demo"
            },
            "timeouts": null,
            "vpc_id": "vpc-0548b447418f5cc54"
          },
          "sensitive_attributes": [],
          "private": "eyJlMmJmYjczMC1lY2FhLTExZTYtOGY4OC0zNDM2M2JjN2M0YzAiOnsiY3JlYXRlIjo2MDAwMDAwMDAwMDAsImRlbGV0ZSI6OTAwMDAwMDAwMDAwfSwic2NoZW1hX3ZlcnNpb24iOiIxIn0=",
          "dependencies": [
            "aws_security_group.mcp_demo_web_sg",
            "aws_vpc.mcp_demo_vpc"
          ]
        }
      ]
    },
    {
      "mode": "managed",
      "type": "aws_security_group",
      "name": "mcp_demo_web_sg",
      "provider": "provider[\"registry.terraform.io/hashicorp/aws\"]",
      "instances": [
        {
          "schema_version": 1,
          "attributes": {
            "arn": "arn:aws:ec2:us-east-1:471112722210:security-group/sg-0a63fb8f690848ee3",
            "description": "Security group for web servers and MCP server",
            "egress": [
              {
                "cidr_blocks": [
                  "0.0.0.0/0"
                ],
                "description": "",
                "from_port": 0,
                "ipv6_cidr_blocks": [],
                "prefix_list_ids": [],
                "protocol": "-1",
                "security_groups": [],
                "self": false,
                "to_port": 0
              }
            ],
            "id": "sg-0a63fb8f690848ee3",
            "ingress": [
              {
                "cidr_blocks": [
                  "0.0.0.0/0"
                ],
                "description": "HTTP",
                "from_port": 80,
                "ipv6_cidr_blocks": [],
                "prefix_list_ids": [],
                "protocol": "tcp",
                "security_groups": [],
                "self": false,
                "to_port": 80
              },
              {
                "cidr_blocks": [
                  "0.0.0.0/0"
                ],
                "description": "HTTPS",
                "from_port": 443,
                "ipv6_cidr_blocks": [],
                "prefix_list_ids": [],
                "protocol": "tcp",
                "security_groups": [],
                "self": false,
                "to_port": 443
              },
              {
                "cidr_blocks": [
                  "0.0.0.0/0"
                ],
                "description": "MCP HTTP",
                "from_port": 8080,
                "ipv6_cidr_blocks": [],
                "prefix_list_ids": [],
                "protocol": "tcp",
                "security_groups": [],
                "self": false,
                "to_port": 8080
              },
              {
                "cidr_blocks": [
                  "0.0.0.0/0"
                ],
                "description": "SSH",
                "from_port": 22,
                "ipv6_cidr_blocks": [],
                "prefix_list_ids": [],
                "protocol": "tcp",
                "security_groups": [],
                "self": false,
                "to_port": 22
              }
            ],
            "name": "mcp-demo-web-sg20250727094146560900000002",
            "name_prefix": "mcp-demo-web-sg",
            "owner_id": "471112722210",
            "revoke_rules_on_delete": false,
            "tags": {
              "Environment": "mcp-demo",
              "Name": "mcp-demo-web-sg"
            },
            "tags_all": {
              "Environment": "mcp-demo",
              "ManagedBy": "Terraform",
              "Name": "mcp-demo-web-sg",
              "Project": "MCP-AWS-Demo"
            },
            "timeouts": null,
            "vpc_id": "vpc-0548b447418f5cc54"
          },
          "sensitive_attributes": [],
          "private": "eyJlMmJmYjczMC1lY2FhLTExZTYtOGY4OC0zNDM2M2JjN2M0YzAiOnsiY3JlYXRlIjo2MDAwMDAwMDAwMDAsImRlbGV0ZSI6OTAwMDAwMDAwMDAwfSwic2NoZW1hX3ZlcnNpb24iOiIxIn0=",
          "dependencies": [
            "aws_vpc.mcp_demo_vpc"
          ]
        }
      ]
    },
    {
      "mode": "managed",
      "type": "aws_subnet",
      "name": "mcp_demo_private_subnet",
      "provider": "provider[\"registry.terraform.io/hashicorp/aws\"]",
      "instances": [
        {
          "index_key": 0,
          "schema_version": 1,
          "attributes": {
            "arn": "arn:aws:ec2:us-east-1:471112722210:subnet/subnet-054c795fe8297f701",
            "assign_ipv6_address_on_creation": false,
            "availability_zone": "us-east-1a",
            "availability_zone_id": "use1-az2",
            "cidr_block": "10.0.10.0/24",
            "customer_owned_ipv4_pool": "",
            "enable_dns64": false,
            "enable_lni_at_device_index": 0,
            "enable_resource_name_dns_a_record_on_launch": false,
            "enable_resource_name_dns_aaaa_record_on_launch": false,
            "id": "subnet-054c795fe8297f701",
            "ipv6_cidr_block": "",
            "ipv6_cidr_block_association_id": "",
            "ipv6_native": false,
            "map_customer_owned_ip_on_launch": false,
            "map_public_ip_on_launch": false,
            "outpost_arn": "",
            "owner_id": "471112722210",
            "private_dns_hostname_type_on_launch": "ip-name",
            "tags": {
              "Environment": "mcp-demo",
              "Name": "mcp-demo-private-subnet-1",
              "Type": "Private"
            },
            "tags_all": {
              "Environment": "mcp-demo",
              "ManagedBy": "Terraform",
              "Name": "mcp-demo-private-subnet-1",
              "Project": "MCP-AWS-Demo",
              "Type": "Private"
            },
            "timeouts": null,
            "vpc_id": "vpc-0548b447418f5cc54"
          },
          "sensitive_attributes": [],
          "private": "eyJlMmJmYjczMC1lY2FhLTExZTYtOGY4OC0zNDM2M2JjN2M0YzAiOnsiY3JlYXRlIjo2MDAwMDAwMDAwMDAsImRlbGV0ZSI6MTIwMDAwMDAwMDAwMH0sInNjaGVtYV92ZXJzaW9uIjoiMSJ9",
          "dependencies": [
            "aws_vpc.mcp_demo_vpc",
            "data.aws_availability_zones.available"
          ]
        },
        {
          "index_key": 1,
          "schema_version": 1,
          "attributes": {
            "arn": "arn:aws:ec2:us-east-1:471112722210:subnet/subnet-00532b5100a4e65d8",
            "assign_ipv6_address_on_creation": false,
            "availability_zone": "us-east-1b",
            "availability_zone_id": "use1-az4",
            "cidr_block": "10.0.11.0/24",
            "customer_owned_ipv4_pool": "",
            "enable_dns64": false,
            "enable_lni_at_device_index": 0,
            "enable_resource_name_dns_a_record_on_launch": false,
            "enable_resource_name_dns_aaaa_record_on_launch": false,
            "id": "subnet-00532b5100a4e65d8",
            "ipv6_cidr_block": "",
            "ipv6_cidr_block_association_id": "",
            "ipv6_native": false,
            "map_customer_owned_ip_on_launch": false,
            "map_public_ip_on_launch": false,
            "outpost_arn": "",
            "owner_id": "471112722210",
            "private_dns_hostname_type_on_launch": "ip-name",
            "tags": {
              "Environment": "mcp-demo",
              "Name": "mcp-demo-private-subnet-2",
              "Type": "Private"
            },
            "tags_all": {
              "Environment": "mcp-demo",
              "ManagedBy": "Terraform",
              "Name": "mcp-demo-private-subnet-2",
              "Project": "MCP-AWS-Demo",
              "Type": "Private"
            },
            "timeouts": null,
            "vpc_id": "vpc-0548b447418f5cc54"
          },
          "sensitive_attributes": [],
          "private": "eyJlMmJmYjczMC1lY2FhLTExZTYtOGY4OC0zNDM2M2JjN2M0YzAiOnsiY3JlYXRlIjo2MDAwMDAwMDAwMDAsImRlbGV0ZSI6MTIwMDAwMDAwMDAwMH0sInNjaGVtYV92ZXJzaW9uIjoiMSJ9",
          "dependencies": [
            "aws_vpc.mcp_demo_vpc",
            "data.aws_availability_zones.available"
          ]
        }
      ]
    },
    {
      "mode": "managed",
      "type": "aws_subnet",
      "name": "mcp_demo_public_subnet",
      "provider": "provider[\"registry.terraform.io/hashicorp/aws\"]",
      "instances": [
        {
          "index_key": 0,
          "schema_version": 1,
          "attributes": {
            "arn": "arn:aws:ec2:us-east-1:471112722210:subnet/subnet-0d047cbc0d3c87c20",
            "assign_ipv6_address_on_creation": false,
            "availability_zone": "us-east-1a",
            "availability_zone_id": "use1-az2",
            "cidr_block": "10.0.1.0/24",
            "customer_owned_ipv4_pool": "",
            "enable_dns64": false,
            "enable_lni_at_device_index": 0,
            "enable_resource_name_dns_a_record_on_launch": false,
            "enable_resource_name_dns_aaaa_record_on_launch": false,
            "id": "subnet-0d047cbc0d3c87c20",
            "ipv6_cidr_block": "",
            "ipv6_cidr_block_association_id": "",
            "ipv6_native": false,
            "map_customer_owned_ip_on_launch": false,
            "map_public_ip_on_launch": true,
            "outpost_arn": "",
            "owner_id": "471112722210",
            "private_dns_hostname_type_on_launch": "ip-name",
            "tags": {
              "Environment": "mcp-demo",
              "Name": "mcp-demo-public-subnet-1",
              "Type": "Public"
            },
            "tags_all": {
              "Environment": "mcp-demo",
              "ManagedBy": "Terraform",
              "Name": "mcp-demo-public-subnet-1",
              "Project": "MCP-AWS-Demo",
              "Type": "Public"
            },
            "timeouts": null,
            "vpc_id": "vpc-0548b447418f5cc54"
          },
          "sensitive_attributes": [],
          "private": "eyJlMmJmYjczMC1lY2FhLTExZTYtOGY4OC0zNDM2M2JjN2M0YzAiOnsiY3JlYXRlIjo2MDAwMDAwMDAwMDAsImRlbGV0ZSI6MTIwMDAwMDAwMDAwMH0sInNjaGVtYV92ZXJzaW9uIjoiMSJ9",
          "dependencies": [
            "aws_vpc.mcp_demo_vpc",
            "data.aws_availability_zones.available"
          ]
        },
        {
          "index_key": 1,
          "schema_version": 1,
          "attributes": {
            "arn": "arn:aws:ec2:us-east-1:471112722210:subnet/subnet-02b0b67aa3af996ee",
            "assign_ipv6_address_on_creation": false,
            "availability_zone": "us-east-1b",
            "availability_zone_id": "use1-az4",
            "cidr_block": "10.0.2.0/24",
            "customer_owned_ipv4_pool": "",
            "enable_dns64": false,
            "enable_lni_at_device_index": 0,
            "enable_resource_name_dns_a_record_on_launch": false,
            "enable_resource_name_dns_aaaa_record_on_launch": false,
            "id": "subnet-02b0b67aa3af996ee",
            "ipv6_cidr_block": "",
            "ipv6_cidr_block_association_id": "",
            "ipv6_native": false,
            "map_customer_owned_ip_on_launch": false,
            "map_public_ip_on_launch": true,
            "outpost_arn": "",
            "owner_id": "471112722210",
            "private_dns_hostname_type_on_launch": "ip-name",
            "tags": {
              "Environment": "mcp-demo",
              "Name": "mcp-demo-public-subnet-2",
              "Type": "Public"
            },
            "tags_all": {
              "Environment": "mcp-demo",
              "ManagedBy": "Terraform",
              "Name": "mcp-demo-public-subnet-2",
              "Project": "MCP-AWS-Demo",
              "Type": "Public"
            },
            "timeouts": null,
            "vpc_id": "vpc-0548b447418f5cc54"
          },
          "sensitive_attributes": [],
          "private": "eyJlMmJmYjczMC1lY2FhLTExZTYtOGY4OC0zNDM2M2JjN2M0YzAiOnsiY3JlYXRlIjo2MDAwMDAwMDAwMDAsImRlbGV0ZSI6MTIwMDAwMDAwMDAwMH0sInNjaGVtYV92ZXJzaW9uIjoiMSJ9",
          "dependencies": [
            "aws_vpc.mcp_demo_vpc",
            "data.aws_availability_zones.available"
          ]
        }
      ]
    },
    {
      "mode": "managed",
      "type": "aws_vpc",
      "name": "mcp_demo_vpc",
      "provider": "provider[\"registry.terraform.io/hashicorp/aws\"]",
      "instances": [
        {
          "schema_version": 1,
          "attributes": {
            "arn": "arn:aws:ec2:us-east-1:471112722210:vpc/vpc-0548b447418f5cc54",
            "assign_generated_ipv6_cidr_block": false,
            "cidr_block": "10.0.0.0/16",
            "default_network_acl_id": "acl-01057c8ac2b36dbc3",
            "default_route_table_id": "rtb-0da5c2ccf9fb4a019",
            "default_security_group_id": "sg-0ea730cff594d3c74",
            "dhcp_options_id": "dopt-05a9c9e0dbf2badff",
            "enable_dns_hostnames": true,
            "enable_dns_support": true,
            "enable_network_address_usage_metrics": false,
            "id": "vpc-0548b447418f5cc54",
            "instance_tenancy": "default",
            "ipv4_ipam_pool_id": null,
            "ipv4_netmask_length": null,
            "ipv6_association_id": "",
            "ipv6_cidr_block": "",
            "ipv6_cidr_block_network_border_group": "",
            "ipv6_ipam_pool_id": "",
            "ipv6_netmask_length": 0,
            "main_route_table_id": "rtb-0da5c2ccf9fb4a019",
            "owner_id": "471112722210",
            "tags": {
              "Environment": "mcp-demo",
              "Name": "mcp-demo-vpc",
              "Project": "MCP-Demo"
            },
            "tags_all": {
              "Environment": "mcp-demo",
              "ManagedBy": "Terraform",
              "Name": "mcp-demo-vpc",
              "Project": "MCP-Demo"
            }
          },
          "sensitive_attributes": [],
          "private": "eyJzY2hlbWFfdmVyc2lvbiI6IjEifQ=="
        }
      ]
    },
    {
      "mode": "managed",
      "type": "random_id",
      "name": "bucket_suffix",
      "provider": "provider[\"registry.terraform.io/hashicorp/random\"]",
      "instances": [
        {
          "schema_version": 0,
          "attributes": {
            "b64_std": "KIBJKg==",
            "b64_url": "KIBJKg",
            "byte_length": 4,
            "dec": "679495978",
            "hex": "2880492a",
            "id": "KIBJKg",
            "keepers": null,
            "prefix": null
          },
          "sensitive_attributes": []
        }
      ]
    },
    {
      "mode": "managed",
      "type": "random_password",
      "name": "db_password",
      "provider": "provider[\"registry.terraform.io/hashicorp/random\"]",
      "instances": [
        {
          "schema_version": 3,
          "attributes": {
            "bcrypt_hash": "$2a$10$PBz.qd2Ae/dpSHPDTxwBnemtyio8JfS/UYA6Yx0Joex/PciS.BsDK",
            "id": "none",
            "keepers": null,
            "length": 16,
            "lower": true,
            "min_lower": 0,
            "min_numeric": 0,
            "min_special": 0,
            "min_upper": 0,
            "number": true,
            "numeric": true,
            "override_special": null,
            "result": "FI\u003eMy$qK6_T4dqC!",
            "special": true,
            "upper": true
          },
          "sensitive_attributes": [
            [
              {
                "type": "get_attr",
                "value": "result"
              }
            ],
            [
              {
                "type": "get_attr",
                "value": "bcrypt_hash"
              }
            ]
          ]
        }
      ]
    }
  ],
  "check_results": null
}
